{
  "originHash" : "132224ce88a9e9f1a7fa7f989dfe4cc808ab3211337ee71108fe1a907b43b3ff",
  "pins" : [
    {
      "identity" : "starscream",
      "kind" : "remoteSourceControl",
      "location" : "https://github.com/daltoniam/Starscream.git",
      "state" : {
        "revision" : "c6bfd1af48efcc9a9ad203665db12375ba6b145a",
        "version" : "4.0.8"
      }
    },
    {
      "identity" : "swift-protobuf",
      "kind" : "remoteSourceControl",
      "location" : "https://github.com/apple/swift-protobuf.git",
      "state" : {
        "revision" : "9f0c76544701845ad98716f3f6a774a892152bcb",
        "version" : "1.26.0"
      }
    }
  ],
  "version" : 3
}
